
Microsoft Visual Studio Solution File, Format Version 12.00
# Visual Studio 15
VisualStudioVersion = 15.0.27004.2005
MinimumVisualStudioVersion = 10.0.40219.1
Project("{FAE04EC0-301F-11D3-BF4B-00C04F79EFBC}") = "scrwebm_net3", "scrwebm_net3\scrwebm_net3.csproj", "{391A2F63-B1F3-4818-AC2B-41A3E5223304}"
EndProject
Global
	GlobalSection(SolutionConfigurationPlatforms) = preSolution
		Debug|Any CPU = Debug|Any CPU
		Release|Any CPU = Release|Any CPU
	EndGlobalSection
	GlobalSection(ProjectConfigurationPlatforms) = postSolution
		{391A2F63-B1F3-4818-AC2B-41A3E5223304}.Debug|Any CPU.ActiveCfg = Debug|Any CPU
		{391A2F63-B1F3-4818-AC2B-41A3E5223304}.Debug|Any CPU.Build.0 = Debug|Any CPU
		{391A2F63-B1F3-4818-AC2B-41A3E5223304}.Release|Any CPU.ActiveCfg = Release|Any CPU
		{391A2F63-B1F3-4818-AC2B-41A3E5223304}.Release|Any CPU.Build.0 = Release|Any CPU
	EndGlobalSection
	GlobalSection(SolutionProperties) = preSolution
		HideSolutionNode = FALSE
	EndGlobalSection
	GlobalSection(ExtensibilityGlobals) = postSolution
		SolutionGuid = {D7494593-ED90-47A7-AAEA-817E2C08AA16}
	EndGlobalSection
EndGlobal
